
Microsoft Visual Studio Solution File, Format Version 12.00
# Visual Studio Version 16
VisualStudioVersion = 16.0.31702.278
MinimumVisualStudioVersion = 10.0.40219.1
Project("{9A19103F-16F7-4668-BE54-9A1E7A4F7556}") = "s3-proj", "s3-proj\s3-proj.csproj", "{FCBD0360-6A3D-4F7E-B876-C3868FD89E28}"
EndProject
Global
	GlobalSection(SolutionConfigurationPlatforms) = preSolution
		Debug|Any CPU = Debug|Any CPU
		Release|Any CPU = Release|Any CPU
	EndGlobalSection
	GlobalSection(ProjectConfigurationPlatforms) = postSolution
		{FCBD0360-6A3D-4F7E-B876-C3868FD89E28}.Debug|Any CPU.ActiveCfg = Debug|Any CPU
		{FCBD0360-6A3D-4F7E-B876-C3868FD89E28}.Debug|Any CPU.Build.0 = Debug|Any CPU
		{FCBD0360-6A3D-4F7E-B876-C3868FD89E28}.Release|Any CPU.ActiveCfg = Release|Any CPU
		{FCBD0360-6A3D-4F7E-B876-C3868FD89E28}.Release|Any CPU.Build.0 = Release|Any CPU
	EndGlobalSection
	GlobalSection(SolutionProperties) = preSolution
		HideSolutionNode = FALSE
	EndGlobalSection
	GlobalSection(ExtensibilityGlobals) = postSolution
		SolutionGuid = {92CA0009-7D22-4677-93C3-8F41593E9AC9}
	EndGlobalSection
EndGlobal
